
Microsoft Visual Studio Solution File, Format Version 12.00
# Visual Studio Version 16
VisualStudioVersion = 16.0.31313.79
MinimumVisualStudioVersion = 10.0.40219.1
Project("{FAE04EC0-301F-11D3-BF4B-00C04F79EFBC}") = "ConsoleApp1", "ConsoleApp1\ConsoleApp1.csproj", "{B791B09C-4842-4F3C-BDAF-EFA190E01603}"
EndProject
Global
	GlobalSection(SolutionConfigurationPlatforms) = preSolution
		Debug|Any CPU = Debug|Any CPU
		Release|Any CPU = Release|Any CPU
	EndGlobalSection
	GlobalSection(ProjectConfigurationPlatforms) = postSolution
		{B791B09C-4842-4F3C-BDAF-EFA190E01603}.Debug|Any CPU.ActiveCfg = Debug|Any CPU
		{B791B09C-4842-4F3C-BDAF-EFA190E01603}.Debug|Any CPU.Build.0 = Debug|Any CPU
		{B791B09C-4842-4F3C-BDAF-EFA190E01603}.Release|Any CPU.ActiveCfg = Release|Any CPU
		{B791B09C-4842-4F3C-BDAF-EFA190E01603}.Release|Any CPU.Build.0 = Release|Any CPU
	EndGlobalSection
	GlobalSection(SolutionProperties) = preSolution
		HideSolutionNode = FALSE
	EndGlobalSection
	GlobalSection(ExtensibilityGlobals) = postSolution
		SolutionGuid = {AA474506-7347-4561-A8CD-BC4D44655ED5}
	EndGlobalSection
EndGlobal
